
Microsoft Visual Studio Solution File, Format Version 12.00
# Visual Studio Express 2013 for Windows Desktop
VisualStudioVersion = 12.0.31101.0
MinimumVisualStudioVersion = 10.0.40219.1
Project("{FAE04EC0-301F-11D3-BF4B-00C04F79EFBC}") = "01_BiggerNumber", "01_BiggerNumber\01_BiggerNumber.csproj", "{55ABC367-ADF0-4A1A-B588-527ED94838ED}"
EndProject
Project("{FAE04EC0-301F-11D3-BF4B-00C04F79EFBC}") = "02_LastDigitOfNumber", "02_LastDigitOfNumber\02_LastDigitOfNumber.csproj", "{C2DCE198-8644-4720-9742-744149C33A9F}"
EndProject
Project("{FAE04EC0-301F-11D3-BF4B-00C04F79EFBC}") = "03_LargerThanNeighbours", "03_LargerThanNeighbours\03_LargerThanNeighbours.csproj", "{87E83F5E-BB3C-4322-8EB6-A1E43FFCACC8}"
EndProject
Project("{FAE04EC0-301F-11D3-BF4B-00C04F79EFBC}") = "04_FirstLargerThanNeighbours", "04_FirstLargerThanNeighbours\04_FirstLargerThanNeighbours.csproj", "{C3746D96-85F8-463F-AA4A-B154E148B9F5}"
EndProject
Project("{FAE04EC0-301F-11D3-BF4B-00C04F79EFBC}") = "05_ReverseNumber", "05_ReverseNumber\05_ReverseNumber.csproj", "{060EF181-C057-4FD6-9163-82C42FA68D91}"
EndProject
Project("{FAE04EC0-301F-11D3-BF4B-00C04F79EFBC}") = "06_NumberCalculations", "06_NumberCalculations\06_NumberCalculations.csproj", "{5A288E05-071F-45B8-B607-73614E6EA3D0}"
EndProject
Global
	GlobalSection(SolutionConfigurationPlatforms) = preSolution
		Debug|Any CPU = Debug|Any CPU
		Release|Any CPU = Release|Any CPU
	EndGlobalSection
	GlobalSection(ProjectConfigurationPlatforms) = postSolution
		{55ABC367-ADF0-4A1A-B588-527ED94838ED}.Debug|Any CPU.ActiveCfg = Debug|Any CPU
		{55ABC367-ADF0-4A1A-B588-527ED94838ED}.Debug|Any CPU.Build.0 = Debug|Any CPU
		{55ABC367-ADF0-4A1A-B588-527ED94838ED}.Release|Any CPU.ActiveCfg = Release|Any CPU
		{55ABC367-ADF0-4A1A-B588-527ED94838ED}.Release|Any CPU.Build.0 = Release|Any CPU
		{C2DCE198-8644-4720-9742-744149C33A9F}.Debug|Any CPU.ActiveCfg = Debug|Any CPU
		{C2DCE198-8644-4720-9742-744149C33A9F}.Debug|Any CPU.Build.0 = Debug|Any CPU
		{C2DCE198-8644-4720-9742-744149C33A9F}.Release|Any CPU.ActiveCfg = Release|Any CPU
		{C2DCE198-8644-4720-9742-744149C33A9F}.Release|Any CPU.Build.0 = Release|Any CPU
		{87E83F5E-BB3C-4322-8EB6-A1E43FFCACC8}.Debug|Any CPU.ActiveCfg = Debug|Any CPU
		{87E83F5E-BB3C-4322-8EB6-A1E43FFCACC8}.Debug|Any CPU.Build.0 = Debug|Any CPU
		{87E83F5E-BB3C-4322-8EB6-A1E43FFCACC8}.Release|Any CPU.ActiveCfg = Release|Any CPU
		{87E83F5E-BB3C-4322-8EB6-A1E43FFCACC8}.Release|Any CPU.Build.0 = Release|Any CPU
		{C3746D96-85F8-463F-AA4A-B154E148B9F5}.Debug|Any CPU.ActiveCfg = Debug|Any CPU
		{C3746D96-85F8-463F-AA4A-B154E148B9F5}.Debug|Any CPU.Build.0 = Debug|Any CPU
		{C3746D96-85F8-463F-AA4A-B154E148B9F5}.Release|Any CPU.ActiveCfg = Release|Any CPU
		{C3746D96-85F8-463F-AA4A-B154E148B9F5}.Release|Any CPU.Build.0 = Release|Any CPU
		{060EF181-C057-4FD6-9163-82C42FA68D91}.Debug|Any CPU.ActiveCfg = Debug|Any CPU
		{060EF181-C057-4FD6-9163-82C42FA68D91}.Debug|Any CPU.Build.0 = Debug|Any CPU
		{060EF181-C057-4FD6-9163-82C42FA68D91}.Release|Any CPU.ActiveCfg = Release|Any CPU
		{060EF181-C057-4FD6-9163-82C42FA68D91}.Release|Any CPU.Build.0 = Release|Any CPU
		{5A288E05-071F-45B8-B607-73614E6EA3D0}.Debug|Any CPU.ActiveCfg = Debug|Any CPU
		{5A288E05-071F-45B8-B607-73614E6EA3D0}.Debug|Any CPU.Build.0 = Debug|Any CPU
		{5A288E05-071F-45B8-B607-73614E6EA3D0}.Release|Any CPU.ActiveCfg = Release|Any CPU
		{5A288E05-071F-45B8-B607-73614E6EA3D0}.Release|Any CPU.Build.0 = Release|Any CPU
	EndGlobalSection
	GlobalSection(SolutionProperties) = preSolution
		HideSolutionNode = FALSE
	EndGlobalSection
EndGlobal
